
Microsoft Visual Studio Solution File, Format Version 12.00
# Visual Studio Version 16
VisualStudioVersion = 16.0.29920.165
MinimumVisualStudioVersion = 10.0.40219.1
Project("{FAE04EC0-301F-11D3-BF4B-00C04F79EFBC}") = "IPA_test", "IPA_test\IPA_test.csproj", "{DCD4A7CB-BAC9-4005-BE4A-386F1979810B}"
EndProject
Global
	GlobalSection(SolutionConfigurationPlatforms) = preSolution
		Debug|Any CPU = Debug|Any CPU
		Release|Any CPU = Release|Any CPU
	EndGlobalSection
	GlobalSection(ProjectConfigurationPlatforms) = postSolution
		{DCD4A7CB-BAC9-4005-BE4A-386F1979810B}.Debug|Any CPU.ActiveCfg = Debug|Any CPU
		{DCD4A7CB-BAC9-4005-BE4A-386F1979810B}.Debug|Any CPU.Build.0 = Debug|Any CPU
		{DCD4A7CB-BAC9-4005-BE4A-386F1979810B}.Release|Any CPU.ActiveCfg = Release|Any CPU
		{DCD4A7CB-BAC9-4005-BE4A-386F1979810B}.Release|Any CPU.Build.0 = Release|Any CPU
	EndGlobalSection
	GlobalSection(SolutionProperties) = preSolution
		HideSolutionNode = FALSE
	EndGlobalSection
	GlobalSection(ExtensibilityGlobals) = postSolution
		SolutionGuid = {6AFF1B6B-68DC-47C9-873D-A1AA1CD2DF27}
	EndGlobalSection
EndGlobal
